
Microsoft Visual Studio Solution File, Format Version 12.00
# Visual Studio 2012
Project("{FAE04EC0-301F-11D3-BF4B-00C04F79EFBC}") = "BetGenius", "BetGenius\BetGenius.csproj", "{156CA48A-C651-4839-BDE1-0A2E2B705CB2}"
EndProject
Project("{FAE04EC0-301F-11D3-BF4B-00C04F79EFBC}") = "BetGenius.Tests", "BetGenius.Tests\BetGenius.Tests.csproj", "{4E305727-05A8-4399-BB67-3C9351E53054}"
EndProject
Global
	GlobalSection(SolutionConfigurationPlatforms) = preSolution
		Debug|Any CPU = Debug|Any CPU
		Release|Any CPU = Release|Any CPU
	EndGlobalSection
	GlobalSection(ProjectConfigurationPlatforms) = postSolution
		{156CA48A-C651-4839-BDE1-0A2E2B705CB2}.Debug|Any CPU.ActiveCfg = Debug|Any CPU
		{156CA48A-C651-4839-BDE1-0A2E2B705CB2}.Debug|Any CPU.Build.0 = Debug|Any CPU
		{156CA48A-C651-4839-BDE1-0A2E2B705CB2}.Release|Any CPU.ActiveCfg = Release|Any CPU
		{156CA48A-C651-4839-BDE1-0A2E2B705CB2}.Release|Any CPU.Build.0 = Release|Any CPU
		{4E305727-05A8-4399-BB67-3C9351E53054}.Debug|Any CPU.ActiveCfg = Debug|Any CPU
		{4E305727-05A8-4399-BB67-3C9351E53054}.Debug|Any CPU.Build.0 = Debug|Any CPU
		{4E305727-05A8-4399-BB67-3C9351E53054}.Release|Any CPU.ActiveCfg = Release|Any CPU
		{4E305727-05A8-4399-BB67-3C9351E53054}.Release|Any CPU.Build.0 = Release|Any CPU
	EndGlobalSection
	GlobalSection(SolutionProperties) = preSolution
		HideSolutionNode = FALSE
	EndGlobalSection
EndGlobal
